
Microsoft Visual Studio Solution File, Format Version 12.00
# Visual Studio Version 16
VisualStudioVersion = 16.0.29503.13
MinimumVisualStudioVersion = 10.0.40219.1
Project("{9A19103F-16F7-4668-BE54-9A1E7A4F7556}") = "NvEncSharp", "NvEncSharp\NvEncSharp.csproj", "{B0EE1B76-ADCA-4C9D-97CC-4D911C47B8DA}"
EndProject
Project("{FAE04EC0-301F-11D3-BF4B-00C04F79EFBC}") = "NvEncSharp.Test", "NvEncSharp.Test\NvEncSharp.Test.csproj", "{257CB93A-D8D0-46A9-B8EE-67E60566D1D3}"
EndProject
Project("{FAE04EC0-301F-11D3-BF4B-00C04F79EFBC}") = "NvEncSharp.Sample.ScreenCapture", "NvEncSharp.Sample.ScreenCapture\NvEncSharp.Sample.ScreenCapture.csproj", "{F6D836DB-B984-48F0-AD94-EDC3A728D8D2}"
EndProject
Project("{9A19103F-16F7-4668-BE54-9A1E7A4F7556}") = "NvEncSharp.Sample.VideoDecode", "NvEncSharp.Sample.VideoDecode\NvEncSharp.Sample.VideoDecode.csproj", "{7963CDDF-6FE6-436B-811F-B35B6EC9CB0A}"
EndProject
Project("{8BC9CEB8-8B4A-11D0-8D11-00A0C91BC942}") = "NvEncSharp.Cuda.Library", "NvEncSharp.Cuda.Library\NvEncSharp.Cuda.Library.vcxproj", "{7531BAEA-C4E6-4381-87C0-DD743D2DB907}"
EndProject
Global
	GlobalSection(SolutionConfigurationPlatforms) = preSolution
		Debug|Any CPU = Debug|Any CPU
		Debug|x64 = Debug|x64
		Debug|x86 = Debug|x86
		Release|Any CPU = Release|Any CPU
		Release|x64 = Release|x64
		Release|x86 = Release|x86
	EndGlobalSection
	GlobalSection(ProjectConfigurationPlatforms) = postSolution
		{B0EE1B76-ADCA-4C9D-97CC-4D911C47B8DA}.Debug|Any CPU.ActiveCfg = Debug|x64
		{B0EE1B76-ADCA-4C9D-97CC-4D911C47B8DA}.Debug|Any CPU.Build.0 = Debug|x64
		{B0EE1B76-ADCA-4C9D-97CC-4D911C47B8DA}.Debug|x64.ActiveCfg = Debug|x64
		{B0EE1B76-ADCA-4C9D-97CC-4D911C47B8DA}.Debug|x64.Build.0 = Debug|x64
		{B0EE1B76-ADCA-4C9D-97CC-4D911C47B8DA}.Debug|x86.ActiveCfg = Debug|x64
		{B0EE1B76-ADCA-4C9D-97CC-4D911C47B8DA}.Release|Any CPU.ActiveCfg = Release|x64
		{B0EE1B76-ADCA-4C9D-97CC-4D911C47B8DA}.Release|x64.ActiveCfg = Release|x64
		{B0EE1B76-ADCA-4C9D-97CC-4D911C47B8DA}.Release|x64.Build.0 = Release|x64
		{B0EE1B76-ADCA-4C9D-97CC-4D911C47B8DA}.Release|x86.ActiveCfg = Release|x64
		{257CB93A-D8D0-46A9-B8EE-67E60566D1D3}.Debug|Any CPU.ActiveCfg = Debug|Any CPU
		{257CB93A-D8D0-46A9-B8EE-67E60566D1D3}.Debug|Any CPU.Build.0 = Debug|Any CPU
		{257CB93A-D8D0-46A9-B8EE-67E60566D1D3}.Debug|x64.ActiveCfg = Debug|x64
		{257CB93A-D8D0-46A9-B8EE-67E60566D1D3}.Debug|x64.Build.0 = Debug|x64
		{257CB93A-D8D0-46A9-B8EE-67E60566D1D3}.Debug|x86.ActiveCfg = Debug|Any CPU
		{257CB93A-D8D0-46A9-B8EE-67E60566D1D3}.Debug|x86.Build.0 = Debug|Any CPU
		{257CB93A-D8D0-46A9-B8EE-67E60566D1D3}.Release|Any CPU.ActiveCfg = Release|Any CPU
		{257CB93A-D8D0-46A9-B8EE-67E60566D1D3}.Release|Any CPU.Build.0 = Release|Any CPU
		{257CB93A-D8D0-46A9-B8EE-67E60566D1D3}.Release|x64.ActiveCfg = Release|x64
		{257CB93A-D8D0-46A9-B8EE-67E60566D1D3}.Release|x64.Build.0 = Release|x64
		{257CB93A-D8D0-46A9-B8EE-67E60566D1D3}.Release|x86.ActiveCfg = Release|Any CPU
		{257CB93A-D8D0-46A9-B8EE-67E60566D1D3}.Release|x86.Build.0 = Release|Any CPU
		{F6D836DB-B984-48F0-AD94-EDC3A728D8D2}.Debug|Any CPU.ActiveCfg = Debug|Any CPU
		{F6D836DB-B984-48F0-AD94-EDC3A728D8D2}.Debug|Any CPU.Build.0 = Debug|Any CPU
		{F6D836DB-B984-48F0-AD94-EDC3A728D8D2}.Debug|x64.ActiveCfg = Debug|x64
		{F6D836DB-B984-48F0-AD94-EDC3A728D8D2}.Debug|x64.Build.0 = Debug|x64
		{F6D836DB-B984-48F0-AD94-EDC3A728D8D2}.Debug|x86.ActiveCfg = Debug|Any CPU
		{F6D836DB-B984-48F0-AD94-EDC3A728D8D2}.Debug|x86.Build.0 = Debug|Any CPU
		{F6D836DB-B984-48F0-AD94-EDC3A728D8D2}.Release|Any CPU.ActiveCfg = Release|Any CPU
		{F6D836DB-B984-48F0-AD94-EDC3A728D8D2}.Release|Any CPU.Build.0 = Release|Any CPU
		{F6D836DB-B984-48F0-AD94-EDC3A728D8D2}.Release|x64.ActiveCfg = Release|x64
		{F6D836DB-B984-48F0-AD94-EDC3A728D8D2}.Release|x64.Build.0 = Release|x64
		{F6D836DB-B984-48F0-AD94-EDC3A728D8D2}.Release|x86.ActiveCfg = Release|Any CPU
		{F6D836DB-B984-48F0-AD94-EDC3A728D8D2}.Release|x86.Build.0 = Release|Any CPU
		{7963CDDF-6FE6-436B-811F-B35B6EC9CB0A}.Debug|Any CPU.ActiveCfg = Debug|Any CPU
		{7963CDDF-6FE6-436B-811F-B35B6EC9CB0A}.Debug|Any CPU.Build.0 = Debug|Any CPU
		{7963CDDF-6FE6-436B-811F-B35B6EC9CB0A}.Debug|x64.ActiveCfg = Debug|x64
		{7963CDDF-6FE6-436B-811F-B35B6EC9CB0A}.Debug|x64.Build.0 = Debug|x64
		{7963CDDF-6FE6-436B-811F-B35B6EC9CB0A}.Debug|x86.ActiveCfg = Debug|Any CPU
		{7963CDDF-6FE6-436B-811F-B35B6EC9CB0A}.Debug|x86.Build.0 = Debug|Any CPU
		{7963CDDF-6FE6-436B-811F-B35B6EC9CB0A}.Release|Any CPU.ActiveCfg = Release|Any CPU
		{7963CDDF-6FE6-436B-811F-B35B6EC9CB0A}.Release|Any CPU.Build.0 = Release|Any CPU
		{7963CDDF-6FE6-436B-811F-B35B6EC9CB0A}.Release|x64.ActiveCfg = Release|x64
		{7963CDDF-6FE6-436B-811F-B35B6EC9CB0A}.Release|x64.Build.0 = Release|x64
		{7963CDDF-6FE6-436B-811F-B35B6EC9CB0A}.Release|x86.ActiveCfg = Release|Any CPU
		{7963CDDF-6FE6-436B-811F-B35B6EC9CB0A}.Release|x86.Build.0 = Release|Any CPU
		{7531BAEA-C4E6-4381-87C0-DD743D2DB907}.Debug|Any CPU.ActiveCfg = Debug|x64
		{7531BAEA-C4E6-4381-87C0-DD743D2DB907}.Debug|Any CPU.Build.0 = Debug|x64
		{7531BAEA-C4E6-4381-87C0-DD743D2DB907}.Debug|x64.ActiveCfg = Debug|x64
		{7531BAEA-C4E6-4381-87C0-DD743D2DB907}.Debug|x64.Build.0 = Debug|x64
		{7531BAEA-C4E6-4381-87C0-DD743D2DB907}.Debug|x86.ActiveCfg = Debug|Win32
		{7531BAEA-C4E6-4381-87C0-DD743D2DB907}.Debug|x86.Build.0 = Debug|Win32
		{7531BAEA-C4E6-4381-87C0-DD743D2DB907}.Release|Any CPU.ActiveCfg = Release|Win32
		{7531BAEA-C4E6-4381-87C0-DD743D2DB907}.Release|x64.ActiveCfg = Release|x64
		{7531BAEA-C4E6-4381-87C0-DD743D2DB907}.Release|x64.Build.0 = Release|x64
		{7531BAEA-C4E6-4381-87C0-DD743D2DB907}.Release|x86.ActiveCfg = Release|Win32
		{7531BAEA-C4E6-4381-87C0-DD743D2DB907}.Release|x86.Build.0 = Release|Win32
	EndGlobalSection
	GlobalSection(SolutionProperties) = preSolution
		HideSolutionNode = FALSE
	EndGlobalSection
	GlobalSection(ExtensibilityGlobals) = postSolution
		SolutionGuid = {2C8DE4FE-964B-4B41-8851-D655E6433170}
	EndGlobalSection
EndGlobal
