
Microsoft Visual Studio Solution File, Format Version 12.00
# Visual Studio Version 16
VisualStudioVersion = 16.0.29503.13
MinimumVisualStudioVersion = 10.0.40219.1
Project("{FAE04EC0-301F-11D3-BF4B-00C04F79EFBC}") = "NvEncSharp", "NvEncSharp\NvEncSharp.csproj", "{B0EE1B76-ADCA-4C9D-97CC-4D911C47B8DA}"
EndProject
Global
	GlobalSection(SolutionConfigurationPlatforms) = preSolution
		Debug|Any CPU = Debug|Any CPU
		Release|Any CPU = Release|Any CPU
	EndGlobalSection
	GlobalSection(ProjectConfigurationPlatforms) = postSolution
		{B0EE1B76-ADCA-4C9D-97CC-4D911C47B8DA}.Debug|Any CPU.ActiveCfg = Debug|Any CPU
		{B0EE1B76-ADCA-4C9D-97CC-4D911C47B8DA}.Debug|Any CPU.Build.0 = Debug|Any CPU
		{B0EE1B76-ADCA-4C9D-97CC-4D911C47B8DA}.Release|Any CPU.ActiveCfg = Release|Any CPU
		{B0EE1B76-ADCA-4C9D-97CC-4D911C47B8DA}.Release|Any CPU.Build.0 = Release|Any CPU
	EndGlobalSection
	GlobalSection(SolutionProperties) = preSolution
		HideSolutionNode = FALSE
	EndGlobalSection
	GlobalSection(ExtensibilityGlobals) = postSolution
		SolutionGuid = {2C8DE4FE-964B-4B41-8851-D655E6433170}
	EndGlobalSection
EndGlobal
